
Microsoft Visual Studio Solution File, Format Version 12.00
# Visual Studio Version 16
VisualStudioVersion = 16.0.31702.278
MinimumVisualStudioVersion = 10.0.40219.1
Project("{FAE04EC0-301F-11D3-BF4B-00C04F79EFBC}") = "Terec_Ioan_Lab5", "Terec_Ioan_Lab5.csproj", "{065AFDF6-D5BD-405A-8F4B-A13957F6C49E}"
EndProject
Project("{FAE04EC0-301F-11D3-BF4B-00C04F79EFBC}") = "AutoLotModel", "..\AutoLotModel\AutoLotModel.csproj", "{3710786E-6468-44A0-BF39-3EFB751D6B08}"
EndProject
Global
	GlobalSection(SolutionConfigurationPlatforms) = preSolution
		Debug|Any CPU = Debug|Any CPU
		Release|Any CPU = Release|Any CPU
	EndGlobalSection
	GlobalSection(ProjectConfigurationPlatforms) = postSolution
		{065AFDF6-D5BD-405A-8F4B-A13957F6C49E}.Debug|Any CPU.ActiveCfg = Debug|Any CPU
		{065AFDF6-D5BD-405A-8F4B-A13957F6C49E}.Debug|Any CPU.Build.0 = Debug|Any CPU
		{065AFDF6-D5BD-405A-8F4B-A13957F6C49E}.Release|Any CPU.ActiveCfg = Release|Any CPU
		{065AFDF6-D5BD-405A-8F4B-A13957F6C49E}.Release|Any CPU.Build.0 = Release|Any CPU
		{3710786E-6468-44A0-BF39-3EFB751D6B08}.Debug|Any CPU.ActiveCfg = Debug|Any CPU
		{3710786E-6468-44A0-BF39-3EFB751D6B08}.Debug|Any CPU.Build.0 = Debug|Any CPU
		{3710786E-6468-44A0-BF39-3EFB751D6B08}.Release|Any CPU.ActiveCfg = Release|Any CPU
		{3710786E-6468-44A0-BF39-3EFB751D6B08}.Release|Any CPU.Build.0 = Release|Any CPU
	EndGlobalSection
	GlobalSection(SolutionProperties) = preSolution
		HideSolutionNode = FALSE
	EndGlobalSection
	GlobalSection(ExtensibilityGlobals) = postSolution
		SolutionGuid = {40AB7EBB-B4D3-4A0D-8BF4-7AC61182D473}
	EndGlobalSection
EndGlobal
